
Microsoft Visual Studio Solution File, Format Version 12.00
# Visual Studio 15
VisualStudioVersion = 15.0.28010.2046
MinimumVisualStudioVersion = 10.0.40219.1
Project("{FAE04EC0-301F-11D3-BF4B-00C04F79EFBC}") = "WebSQLAzure", "WebSQLAzure\WebSQLAzure.csproj", "{888A09F8-7C72-4DFF-871F-BAF007150EBB}"
EndProject
Global
	GlobalSection(SolutionConfigurationPlatforms) = preSolution
		Debug|Any CPU = Debug|Any CPU
		Release|Any CPU = Release|Any CPU
	EndGlobalSection
	GlobalSection(ProjectConfigurationPlatforms) = postSolution
		{888A09F8-7C72-4DFF-871F-BAF007150EBB}.Debug|Any CPU.ActiveCfg = Debug|Any CPU
		{888A09F8-7C72-4DFF-871F-BAF007150EBB}.Debug|Any CPU.Build.0 = Debug|Any CPU
		{888A09F8-7C72-4DFF-871F-BAF007150EBB}.Release|Any CPU.ActiveCfg = Release|Any CPU
		{888A09F8-7C72-4DFF-871F-BAF007150EBB}.Release|Any CPU.Build.0 = Release|Any CPU
	EndGlobalSection
	GlobalSection(SolutionProperties) = preSolution
		HideSolutionNode = FALSE
	EndGlobalSection
	GlobalSection(ExtensibilityGlobals) = postSolution
		SolutionGuid = {33D5F5AB-B1DF-45EA-9BBF-6387E1E48164}
	EndGlobalSection
EndGlobal
